{
  "name": "tmp-cpa",
  "version": "0.1.0",
  "lockfileVersion": 2,
  "requires": true,
  "packages": {
    "": {
      "name": "tmp-cpa",
      "version": "0.1.0",
      "dependencies": {
        "@plasmicapp/loader-nextjs": "^1.0.191",
        "next": "13.0.1",
        "react": "18.2.0",
        "react-dom": "18.2.0"
      }
    },
    "node_modules/@next/env": {
      "version": "13.0.1",
      "resolved": "https://registry.npmjs.org/@next/env/-/env-13.0.1.tgz",
      "integrity": "sha512-gK60YoFae3s8qi5UgIzbvxOhsh5gKyEaiKH5+kLBUYXLlrPyWJR2xKBj2WqvHkO7wDX7/Hed3DAqjSpU4ijIvQ=="
    },
    "node_modules/@next/swc-android-arm-eabi": {
      "version": "13.0.1",
      "resolved": "https://registry.npmjs.org/@next/swc-android-arm-eabi/-/swc-android-arm-eabi-13.0.1.tgz",
      "integrity": "sha512-M28QSbohZlNXNn//HY6lV2T3YaMzG58Jwr0YwOdVmOQv6i+7lu6xe3GqQu4kdqInqhLrBXnL+nabFuGTVSHtTg==",
      "cpu": [
        "arm"
      ],
      "optional": true,
      "os": [
        "android"
      ],
      "engines": {
        "node": ">= 10"
      }
    },
    "node_modules/@next/swc-android-arm64": {
      "version": "13.0.1",
      "resolved": "https://registry.npmjs.org/@next/swc-android-arm64/-/swc-android-arm64-13.0.1.tgz",
      "integrity": "sha512-szmO/i6GoHcPXcbhUKhwBMETWHNXH3ITz9wfxwOOFBNKdDU8pjKsHL88lg28aOiQYZSU1sxu1v1p9KY5kJIZCg==",
      "cpu": [
        "arm64"
      ],
      "optional": true,
      "os": [
        "android"
      ],
      "engines": {
        "node": ">= 10"
      }
    },
    "node_modules/@next/swc-darwin-arm64": {
      "version": "13.0.1",
      "resolved": "https://registry.npmjs.org/@next/swc-darwin-arm64/-/swc-darwin-arm64-13.0.1.tgz",
      "integrity": "sha512-O1RxCaiDNOjGZmdAp6SQoHUITt9aVDQXoR3lZ/TloI/NKRAyAV4u0KUUofK+KaZeHOmVTnPUaQuCyZSc3i1x5Q==",
      "cpu": [
        "arm64"
      ],
      "optional": true,
      "os": [
        "darwin"
      ],
      "engines": {
        "node": ">= 10"
      }
    },
    "node_modules/@next/swc-darwin-x64": {
      "version": "13.0.1",
      "resolved": "https://registry.npmjs.org/@next/swc-darwin-x64/-/swc-darwin-x64-13.0.1.tgz",
      "integrity": "sha512-8E6BY/VO+QqQkthhoWgB8mJMw1NcN9Vhl2OwEwxv8jy2r3zjeU+WNRxz4y8RLbcY0R1h+vHlXuP0mLnuac84tQ==",
      "cpu": [
        "x64"
      ],
      "optional": true,
      "os": [
        "darwin"
      ],
      "engines": {
        "node": ">= 10"
      }
    },
    "node_modules/@next/swc-freebsd-x64": {
      "version": "13.0.1",
      "resolved": "https://registry.npmjs.org/@next/swc-freebsd-x64/-/swc-freebsd-x64-13.0.1.tgz",
      "integrity": "sha512-ocwoOxm2KVwF50RyoAT+2RQPLlkyoF7sAqzMUVgj+S6+DTkY3iwH+Zpo0XAk2pnqT9qguOrKnEpq9EIx//+K7Q==",
      "cpu": [
        "x64"
      ],
      "optional": true,
      "os": [
        "freebsd"
      ],
      "engines": {
        "node": ">= 10"
      }
    },
    "node_modules/@next/swc-linux-arm-gnueabihf": {
      "version": "13.0.1",
      "resolved": "https://registry.npmjs.org/@next/swc-linux-arm-gnueabihf/-/swc-linux-arm-gnueabihf-13.0.1.tgz",
      "integrity": "sha512-yO7e3zITfGol/N6lPQnmIRi0WyuILBMXrvH6EdmWzzqMDJFfTCII6l+B6gMO5WVDCTQUGQlQRNZ7sFqWR4I71g==",
      "cpu": [
        "arm"
      ],
      "optional": true,
      "os": [
        "linux"
      ],
      "engines": {
        "node": ">= 10"
      }
    },
    "node_modules/@next/swc-linux-arm64-gnu": {
      "version": "13.0.1",
      "resolved": "https://registry.npmjs.org/@next/swc-linux-arm64-gnu/-/swc-linux-arm64-gnu-13.0.1.tgz",
      "integrity": "sha512-OEs6WDPDI8RyM8SjOqTDMqMBfOlU97VnW6ZMXUvzUTyH0K9c7NF+cn7UMu+I4tKFN0uJ9WQs/6TYaFBGkgoVVA==",
      "cpu": [
        "arm64"
      ],
      "optional": true,
      "os": [
        "linux"
      ],
      "engines": {
        "node": ">= 10"
      }
    },
    "node_modules/@next/swc-linux-arm64-musl": {
      "version": "13.0.1",
      "resolved": "https://registry.npmjs.org/@next/swc-linux-arm64-musl/-/swc-linux-arm64-musl-13.0.1.tgz",
      "integrity": "sha512-y5ypFK0Y3urZSFoQxbtDqvKsBx026sz+Fm+xHlPWlGHNZrbs3Q812iONjcZTo09QwRMk5X86iMWBRxV18xMhaw==",
      "cpu": [
        "arm64"
      ],
      "optional": true,
      "os": [
        "linux"
      ],
      "engines": {
        "node": ">= 10"
      }
    },
    "node_modules/@next/swc-linux-x64-gnu": {
      "version": "13.0.1",
      "resolved": "https://registry.npmjs.org/@next/swc-linux-x64-gnu/-/swc-linux-x64-gnu-13.0.1.tgz",
      "integrity": "sha512-XDIHEE6SU8VCF+dUVntD6PDv6RK31N0forx9kucZBYirbe8vCZ+Yx8hYgvtIaGrTcWtGxibxmND0pIuHDq8H5g==",
      "cpu": [
        "x64"
      ],
      "optional": true,
      "os": [
        "linux"
      ],
      "engines": {
        "node": ">= 10"
      }
    },
    "node_modules/@next/swc-linux-x64-musl": {
      "version": "13.0.1",
      "resolved": "https://registry.npmjs.org/@next/swc-linux-x64-musl/-/swc-linux-x64-musl-13.0.1.tgz",
      "integrity": "sha512-yxIOuuz5EOx0F1FDtsyzaLgnDym0Ysxv8CWeJyDTKKmt9BVyITg6q/cD+RP9bEkT1TQi+PYXIMATSz675Q82xw==",
      "cpu": [
        "x64"
      ],
      "optional": true,
      "os": [
        "linux"
      ],
      "engines": {
        "node": ">= 10"
      }
    },
    "node_modules/@next/swc-win32-arm64-msvc": {
      "version": "13.0.1",
      "resolved": "https://registry.npmjs.org/@next/swc-win32-arm64-msvc/-/swc-win32-arm64-msvc-13.0.1.tgz",
      "integrity": "sha512-+ucLe2qgQzP+FM94jD4ns6LDGyMFaX9k3lVHqu/tsQCy2giMymbport4y4p77mYcXEMlDaHMzlHgOQyHRniWFA==",
      "cpu": [
        "arm64"
      ],
      "optional": true,
      "os": [
        "win32"
      ],
      "engines": {
        "node": ">= 10"
      }
    },
    "node_modules/@next/swc-win32-ia32-msvc": {
      "version": "13.0.1",
      "resolved": "https://registry.npmjs.org/@next/swc-win32-ia32-msvc/-/swc-win32-ia32-msvc-13.0.1.tgz",
      "integrity": "sha512-Krr/qGN7OB35oZuvMAZKoXDt2IapynIWLh5A5rz6AODb7f/ZJqyAuZSK12vOa2zKdobS36Qm4IlxxBqn9c00MA==",
      "cpu": [
        "ia32"
      ],
      "optional": true,
      "os": [
        "win32"
      ],
      "engines": {
        "node": ">= 10"
      }
    },
    "node_modules/@next/swc-win32-x64-msvc": {
      "version": "13.0.1",
      "resolved": "https://registry.npmjs.org/@next/swc-win32-x64-msvc/-/swc-win32-x64-msvc-13.0.1.tgz",
      "integrity": "sha512-t/0G33t/6VGWZUGCOT7rG42qqvf/x+MrFp1CU+8CN6PrjSSL57R5bqkXfubV9t4eCEnUxVP+5Hn3MoEXEebtEw==",
      "cpu": [
        "x64"
      ],
      "optional": true,
      "os": [
        "win32"
      ],
      "engines": {
        "node": ">= 10"
      }
    },
    "node_modules/@plasmicapp/host": {
      "version": "1.0.81",
      "resolved": "https://registry.npmjs.org/@plasmicapp/host/-/host-1.0.81.tgz",
      "integrity": "sha512-Mz3g9XYVXRjcy3M3hSICf9cA+ig6Uf8dbTLbH14bxmPKzLaCo7pVmLYr8iv0xy7ZoePIra2BXjUWEpuu3OkEqg==",
      "dependencies": {
        "window-or-global": "^1.0.1"
      },
      "peerDependencies": {
        "react": ">=16.8.0",
        "react-dom": ">=16.8.0"
      }
    },
    "node_modules/@plasmicapp/loader-core": {
      "version": "1.0.83",
      "resolved": "https://registry.npmjs.org/@plasmicapp/loader-core/-/loader-core-1.0.83.tgz",
      "integrity": "sha512-jkBN6ieA90fY/e7aJaWn12wnu8dp8n4W/GS2kXw9uWT0Xq9fbE6wUjysDILuVdmjer3SWUBXQvfmfS2CiRv2yw==",
      "dependencies": {
        "@plasmicapp/loader-fetcher": "1.0.10"
      },
      "engines": {
        "node": ">=10"
      }
    },
    "node_modules/@plasmicapp/loader-edge": {
      "version": "1.0.16",
      "resolved": "https://registry.npmjs.org/@plasmicapp/loader-edge/-/loader-edge-1.0.16.tgz",
      "integrity": "sha512-TCJogYuVtO0NbNO7XPAWHM9aJP+/57kCrgMcRIUvMDeDWKLrEpjL/uDWMegJ687GciO1LVJTl3eQhqY64f93CA==",
      "dependencies": {
        "@plasmicapp/loader-fetcher": "1.0.10",
        "@plasmicapp/loader-splits": "1.0.15"
      },
      "engines": {
        "node": ">=10"
      }
    },
    "node_modules/@plasmicapp/loader-fetcher": {
      "version": "1.0.10",
      "resolved": "https://registry.npmjs.org/@plasmicapp/loader-fetcher/-/loader-fetcher-1.0.10.tgz",
      "integrity": "sha512-HFZXsRNeaZz8ikQuG9kl6+bTCZO2cdJesJZKND8svJ+annH1zIJ6aRLJlI3pRDTJvbbTOIWa56fTGjIVGR1hLA==",
      "dependencies": {
        "isomorphic-unfetch": "^3.1.0"
      },
      "engines": {
        "node": ">=10"
      }
    },
    "node_modules/@plasmicapp/loader-nextjs": {
      "version": "1.0.191",
      "resolved": "https://registry.npmjs.org/@plasmicapp/loader-nextjs/-/loader-nextjs-1.0.191.tgz",
      "integrity": "sha512-jpqH5NcP6GL4SGkKZZ7MdPz1DyuviQqzz/HI09RjMKqkiPgq8VMKIyII+V5R4olj8OouHSGRWrp1mF+eM9wpjw==",
      "dependencies": {
        "@plasmicapp/loader-core": "1.0.83",
        "@plasmicapp/loader-edge": "1.0.16",
        "@plasmicapp/loader-react": "1.0.184",
        "@plasmicapp/watcher": "1.0.67"
      },
      "engines": {
        "node": ">=10"
      },
      "peerDependencies": {
        "next": ">=10.1.0",
        "react": ">=16.8.0",
        "react-dom": ">=16.8.0"
      }
    },
    "node_modules/@plasmicapp/loader-react": {
      "version": "1.0.184",
      "resolved": "https://registry.npmjs.org/@plasmicapp/loader-react/-/loader-react-1.0.184.tgz",
      "integrity": "sha512-lM4jET9jXGN0k9+LVCU/z1EOUF56eJio2Q4V3MBhGu8n4x40tC2rkKYux3tIthdOlrav8JWjqgHSsh9M/RZ7Dg==",
      "dependencies": {
        "@plasmicapp/host": "1.0.81",
        "@plasmicapp/loader-core": "1.0.83",
        "@plasmicapp/loader-splits": "1.0.15",
        "@plasmicapp/query": "0.1.55",
        "pascalcase": "^1.0.0",
        "react-is": "^17.0.2",
        "react-ssr-prepass": "^1.4.0"
      },
      "engines": {
        "node": ">=12"
      },
      "peerDependencies": {
        "react": ">=16.8.0",
        "react-dom": ">=16.8.0"
      }
    },
    "node_modules/@plasmicapp/loader-splits": {
      "version": "1.0.15",
      "resolved": "https://registry.npmjs.org/@plasmicapp/loader-splits/-/loader-splits-1.0.15.tgz",
      "integrity": "sha512-JO0HGPKZ5aZAkfLszD3bzA/932906nRwfB1MNhmtgxazjn8EUs45OMJF8GAb5fGwvBuwMLEW9ER1yk11XS4TEg==",
      "dependencies": {
        "@plasmicapp/loader-fetcher": "1.0.10",
        "json-logic-js": "^2.0.2"
      },
      "engines": {
        "node": ">=10"
      }
    },
    "node_modules/@plasmicapp/query": {
      "version": "0.1.55",
      "resolved": "https://registry.npmjs.org/@plasmicapp/query/-/query-0.1.55.tgz",
      "integrity": "sha512-a6qVRU6pmkFVCZLN20TOn4qAzN98ylUjeZMGSSt/vDSv7QDNLIqJgpWfgCTUbCXrGKjzwOGu70WLtTD7YRVmaA==",
      "dependencies": {
        "react-ssr-prepass": "^1.4.0",
        "swr": ">1.0.0"
      },
      "engines": {
        "node": ">=10"
      },
      "peerDependencies": {
        "react": ">=16"
      }
    },
    "node_modules/@plasmicapp/watcher": {
      "version": "1.0.67",
      "resolved": "https://registry.npmjs.org/@plasmicapp/watcher/-/watcher-1.0.67.tgz",
      "integrity": "sha512-Rw7tjYZbYwv1zXVHgwwLdZl9Mo2+hsYpv+e5fdDavwyifUq5zCvYmA1YAXjFtBUKDO3UHfueAMqRmt8Bwb12Ow==",
      "dependencies": {
        "socket.io-client": "^4.1.2"
      },
      "engines": {
        "node": ">=10"
      }
    },
    "node_modules/@socket.io/component-emitter": {
      "version": "3.1.0",
      "resolved": "https://registry.npmjs.org/@socket.io/component-emitter/-/component-emitter-3.1.0.tgz",
      "integrity": "sha512-+9jVqKhRSpsc591z5vX+X5Yyw+he/HCB4iQ/RYxw35CEPaY1gnsNE43nf9n9AaYjAQrTiI/mOwKUKdUs9vf7Xg=="
    },
    "node_modules/@swc/helpers": {
      "version": "0.4.11",
      "resolved": "https://registry.npmjs.org/@swc/helpers/-/helpers-0.4.11.tgz",
      "integrity": "sha512-rEUrBSGIoSFuYxwBYtlUFMlE2CwGhmW+w9355/5oduSw8e5h2+Tj4UrAGNNgP9915++wj5vkQo0UuOBqOAq4nw==",
      "dependencies": {
        "tslib": "^2.4.0"
      }
    },
    "node_modules/caniuse-lite": {
      "version": "1.0.30001429",
      "resolved": "https://registry.npmjs.org/caniuse-lite/-/caniuse-lite-1.0.30001429.tgz",
      "integrity": "sha512-511ThLu1hF+5RRRt0zYCf2U2yRr9GPF6m5y90SBCWsvSoYoW7yAGlv/elyPaNfvGCkp6kj/KFZWU0BMA69Prsg==",
      "funding": [
        {
          "type": "opencollective",
          "url": "https://opencollective.com/browserslist"
        },
        {
          "type": "tidelift",
          "url": "https://tidelift.com/funding/github/npm/caniuse-lite"
        }
      ]
    },
    "node_modules/client-only": {
      "version": "0.0.1",
      "resolved": "https://registry.npmjs.org/client-only/-/client-only-0.0.1.tgz",
      "integrity": "sha512-IV3Ou0jSMzZrd3pZ48nLkT9DA7Ag1pnPzaiQhpW7c3RbcqqzvzzVu+L8gfqMp/8IM2MQtSiqaCxrrcfu8I8rMA=="
    },
    "node_modules/debug": {
      "version": "4.3.4",
      "resolved": "https://registry.npmjs.org/debug/-/debug-4.3.4.tgz",
      "integrity": "sha512-PRWFHuSU3eDtQJPvnNY7Jcket1j0t5OuOsFzPPzsekD52Zl8qUfFIPEiswXqIvHWGVHOgX+7G/vCNNhehwxfkQ==",
      "dependencies": {
        "ms": "2.1.2"
      },
      "engines": {
        "node": ">=6.0"
      },
      "peerDependenciesMeta": {
        "supports-color": {
          "optional": true
        }
      }
    },
    "node_modules/engine.io-client": {
      "version": "6.2.3",
      "resolved": "https://registry.npmjs.org/engine.io-client/-/engine.io-client-6.2.3.tgz",
      "integrity": "sha512-aXPtgF1JS3RuuKcpSrBtimSjYvrbhKW9froICH4s0F3XQWLxsKNxqzG39nnvQZQnva4CMvUK63T7shevxRyYHw==",
      "dependencies": {
        "@socket.io/component-emitter": "~3.1.0",
        "debug": "~4.3.1",
        "engine.io-parser": "~5.0.3",
        "ws": "~8.2.3",
        "xmlhttprequest-ssl": "~2.0.0"
      }
    },
    "node_modules/engine.io-parser": {
      "version": "5.0.4",
      "resolved": "https://registry.npmjs.org/engine.io-parser/-/engine.io-parser-5.0.4.tgz",
      "integrity": "sha512-+nVFp+5z1E3HcToEnO7ZIj3g+3k9389DvWtvJZz0T6/eOCPIyyxehFcedoYrZQrp0LgQbD9pPXhpMBKMd5QURg==",
      "engines": {
        "node": ">=10.0.0"
      }
    },
    "node_modules/isomorphic-unfetch": {
      "version": "3.1.0",
      "resolved": "https://registry.npmjs.org/isomorphic-unfetch/-/isomorphic-unfetch-3.1.0.tgz",
      "integrity": "sha512-geDJjpoZ8N0kWexiwkX8F9NkTsXhetLPVbZFQ+JTW239QNOwvB0gniuR1Wc6f0AMTn7/mFGyXvHTifrCp/GH8Q==",
      "dependencies": {
        "node-fetch": "^2.6.1",
        "unfetch": "^4.2.0"
      }
    },
    "node_modules/js-tokens": {
      "version": "4.0.0",
      "resolved": "https://registry.npmjs.org/js-tokens/-/js-tokens-4.0.0.tgz",
      "integrity": "sha512-RdJUflcE3cUzKiMqQgsCu06FPu9UdIJO0beYbPhHN4k6apgJtifcoCtT9bcxOpYBtpD2kCM6Sbzg4CausW/PKQ=="
    },
    "node_modules/json-logic-js": {
      "version": "2.0.2",
      "resolved": "https://registry.npmjs.org/json-logic-js/-/json-logic-js-2.0.2.tgz",
      "integrity": "sha512-ZBtBdMJieqQcH7IX/LaBsr5pX+Y5JIW+EhejtM3Ffg2jdN9Iwf+Ht6TbHnvAZ/YtwyuhPaCBlnvzrwVeWdvGDQ=="
    },
    "node_modules/loose-envify": {
      "version": "1.4.0",
      "resolved": "https://registry.npmjs.org/loose-envify/-/loose-envify-1.4.0.tgz",
      "integrity": "sha512-lyuxPGr/Wfhrlem2CL/UcnUc1zcqKAImBDzukY7Y5F/yQiNdko6+fRLevlw1HgMySw7f611UIY408EtxRSoK3Q==",
      "dependencies": {
        "js-tokens": "^3.0.0 || ^4.0.0"
      },
      "bin": {
        "loose-envify": "cli.js"
      }
    },
    "node_modules/ms": {
      "version": "2.1.2",
      "resolved": "https://registry.npmjs.org/ms/-/ms-2.1.2.tgz",
      "integrity": "sha512-sGkPx+VjMtmA6MX27oA4FBFELFCZZ4S4XqeGOXCv68tT+jb3vk/RyaKWP0PTKyWtmLSM0b+adUTEvbs1PEaH2w=="
    },
    "node_modules/nanoid": {
      "version": "3.3.4",
      "resolved": "https://registry.npmjs.org/nanoid/-/nanoid-3.3.4.tgz",
      "integrity": "sha512-MqBkQh/OHTS2egovRtLk45wEyNXwF+cokD+1YPf9u5VfJiRdAiRwB2froX5Co9Rh20xs4siNPm8naNotSD6RBw==",
      "bin": {
        "nanoid": "bin/nanoid.cjs"
      },
      "engines": {
        "node": "^10 || ^12 || ^13.7 || ^14 || >=15.0.1"
      }
    },
    "node_modules/next": {
      "version": "13.0.1",
      "resolved": "https://registry.npmjs.org/next/-/next-13.0.1.tgz",
      "integrity": "sha512-ErCNBPIeZMKFn6hX+ZBSlqZVgJIeitEqhGTuQUNmYXJ07/A71DZ7AJI8eyHYUdBb686LUpV1/oBdTq9RpzRVPg==",
      "dependencies": {
        "@next/env": "13.0.1",
        "@swc/helpers": "0.4.11",
        "caniuse-lite": "^1.0.30001406",
        "postcss": "8.4.14",
        "styled-jsx": "5.1.0",
        "use-sync-external-store": "1.2.0"
      },
      "bin": {
        "next": "dist/bin/next"
      },
      "engines": {
        "node": ">=14.6.0"
      },
      "optionalDependencies": {
        "@next/swc-android-arm-eabi": "13.0.1",
        "@next/swc-android-arm64": "13.0.1",
        "@next/swc-darwin-arm64": "13.0.1",
        "@next/swc-darwin-x64": "13.0.1",
        "@next/swc-freebsd-x64": "13.0.1",
        "@next/swc-linux-arm-gnueabihf": "13.0.1",
        "@next/swc-linux-arm64-gnu": "13.0.1",
        "@next/swc-linux-arm64-musl": "13.0.1",
        "@next/swc-linux-x64-gnu": "13.0.1",
        "@next/swc-linux-x64-musl": "13.0.1",
        "@next/swc-win32-arm64-msvc": "13.0.1",
        "@next/swc-win32-ia32-msvc": "13.0.1",
        "@next/swc-win32-x64-msvc": "13.0.1"
      },
      "peerDependencies": {
        "fibers": ">= 3.1.0",
        "node-sass": "^6.0.0 || ^7.0.0",
        "react": "^18.2.0",
        "react-dom": "^18.2.0",
        "sass": "^1.3.0"
      },
      "peerDependenciesMeta": {
        "fibers": {
          "optional": true
        },
        "node-sass": {
          "optional": true
        },
        "sass": {
          "optional": true
        }
      }
    },
    "node_modules/node-fetch": {
      "version": "2.6.7",
      "resolved": "https://registry.npmjs.org/node-fetch/-/node-fetch-2.6.7.tgz",
      "integrity": "sha512-ZjMPFEfVx5j+y2yF35Kzx5sF7kDzxuDj6ziH4FFbOp87zKDZNx8yExJIb05OGF4Nlt9IHFIMBkRl41VdvcNdbQ==",
      "dependencies": {
        "whatwg-url": "^5.0.0"
      },
      "engines": {
        "node": "4.x || >=6.0.0"
      },
      "peerDependencies": {
        "encoding": "^0.1.0"
      },
      "peerDependenciesMeta": {
        "encoding": {
          "optional": true
        }
      }
    },
    "node_modules/pascalcase": {
      "version": "1.0.0",
      "resolved": "https://registry.npmjs.org/pascalcase/-/pascalcase-1.0.0.tgz",
      "integrity": "sha512-BSExi0rRnCHReJys6NocaK+cfTXNinAegfWBvr0JD3hiaEG7Nuc7r0CIdOJunXrs8gU/sbHQ9dxVAtiVQisjmg==",
      "engines": {
        "node": ">=8"
      }
    },
    "node_modules/picocolors": {
      "version": "1.0.0",
      "resolved": "https://registry.npmjs.org/picocolors/-/picocolors-1.0.0.tgz",
      "integrity": "sha512-1fygroTLlHu66zi26VoTDv8yRgm0Fccecssto+MhsZ0D/DGW2sm8E8AjW7NU5VVTRt5GxbeZ5qBuJr+HyLYkjQ=="
    },
    "node_modules/postcss": {
      "version": "8.4.14",
      "resolved": "https://registry.npmjs.org/postcss/-/postcss-8.4.14.tgz",
      "integrity": "sha512-E398TUmfAYFPBSdzgeieK2Y1+1cpdxJx8yXbK/m57nRhKSmk1GB2tO4lbLBtlkfPQTDKfe4Xqv1ASWPpayPEig==",
      "funding": [
        {
          "type": "opencollective",
          "url": "https://opencollective.com/postcss/"
        },
        {
          "type": "tidelift",
          "url": "https://tidelift.com/funding/github/npm/postcss"
        }
      ],
      "dependencies": {
        "nanoid": "^3.3.4",
        "picocolors": "^1.0.0",
        "source-map-js": "^1.0.2"
      },
      "engines": {
        "node": "^10 || ^12 || >=14"
      }
    },
    "node_modules/react": {
      "version": "18.2.0",
      "resolved": "https://registry.npmjs.org/react/-/react-18.2.0.tgz",
      "integrity": "sha512-/3IjMdb2L9QbBdWiW5e3P2/npwMBaU9mHCSCUzNln0ZCYbcfTsGbTJrU/kGemdH2IWmB2ioZ+zkxtmq6g09fGQ==",
      "dependencies": {
        "loose-envify": "^1.1.0"
      },
      "engines": {
        "node": ">=0.10.0"
      }
    },
    "node_modules/react-dom": {
      "version": "18.2.0",
      "resolved": "https://registry.npmjs.org/react-dom/-/react-dom-18.2.0.tgz",
      "integrity": "sha512-6IMTriUmvsjHUjNtEDudZfuDQUoWXVxKHhlEGSk81n4YFS+r/Kl99wXiwlVXtPBtJenozv2P+hxDsw9eA7Xo6g==",
      "dependencies": {
        "loose-envify": "^1.1.0",
        "scheduler": "^0.23.0"
      },
      "peerDependencies": {
        "react": "^18.2.0"
      }
    },
    "node_modules/react-is": {
      "version": "17.0.2",
      "resolved": "https://registry.npmjs.org/react-is/-/react-is-17.0.2.tgz",
      "integrity": "sha512-w2GsyukL62IJnlaff/nRegPQR94C/XXamvMWmSHRJ4y7Ts/4ocGRmTHvOs8PSE6pB3dWOrD/nueuU5sduBsQ4w=="
    },
    "node_modules/react-ssr-prepass": {
      "version": "1.5.0",
      "resolved": "https://registry.npmjs.org/react-ssr-prepass/-/react-ssr-prepass-1.5.0.tgz",
      "integrity": "sha512-yFNHrlVEReVYKsLI5lF05tZoHveA5pGzjFbFJY/3pOqqjGOmMmqx83N4hIjN2n6E1AOa+eQEUxs3CgRnPmT0RQ==",
      "peerDependencies": {
        "react": "^16.8.0 || ^17.0.0 || ^18.0.0"
      }
    },
    "node_modules/scheduler": {
      "version": "0.23.0",
      "resolved": "https://registry.npmjs.org/scheduler/-/scheduler-0.23.0.tgz",
      "integrity": "sha512-CtuThmgHNg7zIZWAXi3AsyIzA3n4xx7aNyjwC2VJldO2LMVDhFK+63xGqq6CsJH4rTAt6/M+N4GhZiDYPx9eUw==",
      "dependencies": {
        "loose-envify": "^1.1.0"
      }
    },
    "node_modules/socket.io-client": {
      "version": "4.5.3",
      "resolved": "https://registry.npmjs.org/socket.io-client/-/socket.io-client-4.5.3.tgz",
      "integrity": "sha512-I/hqDYpQ6JKwtJOf5ikM+Qz+YujZPMEl6qBLhxiP0nX+TfXKhW4KZZG8lamrD6Y5ngjmYHreESVasVCgi5Kl3A==",
      "dependencies": {
        "@socket.io/component-emitter": "~3.1.0",
        "debug": "~4.3.2",
        "engine.io-client": "~6.2.3",
        "socket.io-parser": "~4.2.0"
      },
      "engines": {
        "node": ">=10.0.0"
      }
    },
    "node_modules/socket.io-parser": {
      "version": "4.2.1",
      "resolved": "https://registry.npmjs.org/socket.io-parser/-/socket.io-parser-4.2.1.tgz",
      "integrity": "sha512-V4GrkLy+HeF1F/en3SpUaM+7XxYXpuMUWLGde1kSSh5nQMN4hLrbPIkD+otwh6q9R6NOQBN4AMaOZ2zVjui82g==",
      "dependencies": {
        "@socket.io/component-emitter": "~3.1.0",
        "debug": "~4.3.1"
      },
      "engines": {
        "node": ">=10.0.0"
      }
    },
    "node_modules/source-map-js": {
      "version": "1.0.2",
      "resolved": "https://registry.npmjs.org/source-map-js/-/source-map-js-1.0.2.tgz",
      "integrity": "sha512-R0XvVJ9WusLiqTCEiGCmICCMplcCkIwwR11mOSD9CR5u+IXYdiseeEuXCVAjS54zqwkLcPNnmU4OeJ6tUrWhDw==",
      "engines": {
        "node": ">=0.10.0"
      }
    },
    "node_modules/styled-jsx": {
      "version": "5.1.0",
      "resolved": "https://registry.npmjs.org/styled-jsx/-/styled-jsx-5.1.0.tgz",
      "integrity": "sha512-/iHaRJt9U7T+5tp6TRelLnqBqiaIT0HsO0+vgyj8hK2KUk7aejFqRrumqPUlAqDwAj8IbS/1hk3IhBAAK/FCUQ==",
      "dependencies": {
        "client-only": "0.0.1"
      },
      "engines": {
        "node": ">= 12.0.0"
      },
      "peerDependencies": {
        "react": ">= 16.8.0 || 17.x.x || ^18.0.0-0"
      },
      "peerDependenciesMeta": {
        "@babel/core": {
          "optional": true
        },
        "babel-plugin-macros": {
          "optional": true
        }
      }
    },
    "node_modules/swr": {
      "version": "1.3.0",
      "resolved": "https://registry.npmjs.org/swr/-/swr-1.3.0.tgz",
      "integrity": "sha512-dkghQrOl2ORX9HYrMDtPa7LTVHJjCTeZoB1dqTbnnEDlSvN8JEKpYIYurDfvbQFUUS8Cg8PceFVZNkW0KNNYPw==",
      "peerDependencies": {
        "react": "^16.11.0 || ^17.0.0 || ^18.0.0"
      }
    },
    "node_modules/tr46": {
      "version": "0.0.3",
      "resolved": "https://registry.npmjs.org/tr46/-/tr46-0.0.3.tgz",
      "integrity": "sha512-N3WMsuqV66lT30CrXNbEjx4GEwlow3v6rr4mCcv6prnfwhS01rkgyFdjPNBYd9br7LpXV1+Emh01fHnq2Gdgrw=="
    },
    "node_modules/tslib": {
      "version": "2.4.1",
      "resolved": "https://registry.npmjs.org/tslib/-/tslib-2.4.1.tgz",
      "integrity": "sha512-tGyy4dAjRIEwI7BzsB0lynWgOpfqjUdq91XXAlIWD2OwKBH7oCl/GZG/HT4BOHrTlPMOASlMQ7veyTqpmRcrNA=="
    },
    "node_modules/unfetch": {
      "version": "4.2.0",
      "resolved": "https://registry.npmjs.org/unfetch/-/unfetch-4.2.0.tgz",
      "integrity": "sha512-F9p7yYCn6cIW9El1zi0HI6vqpeIvBsr3dSuRO6Xuppb1u5rXpCPmMvLSyECLhybr9isec8Ohl0hPekMVrEinDA=="
    },
    "node_modules/use-sync-external-store": {
      "version": "1.2.0",
      "resolved": "https://registry.npmjs.org/use-sync-external-store/-/use-sync-external-store-1.2.0.tgz",
      "integrity": "sha512-eEgnFxGQ1Ife9bzYs6VLi8/4X6CObHMw9Qr9tPY43iKwsPw8xE8+EFsf/2cFZ5S3esXgpWgtSCtLNS41F+sKPA==",
      "peerDependencies": {
        "react": "^16.8.0 || ^17.0.0 || ^18.0.0"
      }
    },
    "node_modules/webidl-conversions": {
      "version": "3.0.1",
      "resolved": "https://registry.npmjs.org/webidl-conversions/-/webidl-conversions-3.0.1.tgz",
      "integrity": "sha512-2JAn3z8AR6rjK8Sm8orRC0h/bcl/DqL7tRPdGZ4I1CjdF+EaMLmYxBHyXuKL849eucPFhvBoxMsflfOb8kxaeQ=="
    },
    "node_modules/whatwg-url": {
      "version": "5.0.0",
      "resolved": "https://registry.npmjs.org/whatwg-url/-/whatwg-url-5.0.0.tgz",
      "integrity": "sha512-saE57nupxk6v3HY35+jzBwYa0rKSy0XR8JSxZPwgLr7ys0IBzhGviA1/TUGJLmSVqs8pb9AnvICXEuOHLprYTw==",
      "dependencies": {
        "tr46": "~0.0.3",
        "webidl-conversions": "^3.0.0"
      }
    },
    "node_modules/window-or-global": {
      "version": "1.0.1",
      "resolved": "https://registry.npmjs.org/window-or-global/-/window-or-global-1.0.1.tgz",
      "integrity": "sha512-tE12J/NenOv4xdVobD+AD3fT06T4KNqnzRhkv5nBIu7K+pvOH2oLCEgYP+i+5mF2jtI6FEADheOdZkA8YWET9w=="
    },
    "node_modules/ws": {
      "version": "8.2.3",
      "resolved": "https://registry.npmjs.org/ws/-/ws-8.2.3.tgz",
      "integrity": "sha512-wBuoj1BDpC6ZQ1B7DWQBYVLphPWkm8i9Y0/3YdHjHKHiohOJ1ws+3OccDWtH+PoC9DZD5WOTrJvNbWvjS6JWaA==",
      "engines": {
        "node": ">=10.0.0"
      },
      "peerDependencies": {
        "bufferutil": "^4.0.1",
        "utf-8-validate": "^5.0.2"
      },
      "peerDependenciesMeta": {
        "bufferutil": {
          "optional": true
        },
        "utf-8-validate": {
          "optional": true
        }
      }
    },
    "node_modules/xmlhttprequest-ssl": {
      "version": "2.0.0",
      "resolved": "https://registry.npmjs.org/xmlhttprequest-ssl/-/xmlhttprequest-ssl-2.0.0.tgz",
      "integrity": "sha512-QKxVRxiRACQcVuQEYFsI1hhkrMlrXHPegbbd1yn9UHOmRxY+si12nQYzri3vbzt8VdTTRviqcKxcyllFas5z2A==",
      "engines": {
        "node": ">=0.4.0"
      }
    }
  },
  "dependencies": {
    "@next/env": {
      "version": "13.0.1",
      "resolved": "https://registry.npmjs.org/@next/env/-/env-13.0.1.tgz",
      "integrity": "sha512-gK60YoFae3s8qi5UgIzbvxOhsh5gKyEaiKH5+kLBUYXLlrPyWJR2xKBj2WqvHkO7wDX7/Hed3DAqjSpU4ijIvQ=="
    },
    "@next/swc-android-arm-eabi": {
      "version": "13.0.1",
      "resolved": "https://registry.npmjs.org/@next/swc-android-arm-eabi/-/swc-android-arm-eabi-13.0.1.tgz",
      "integrity": "sha512-M28QSbohZlNXNn//HY6lV2T3YaMzG58Jwr0YwOdVmOQv6i+7lu6xe3GqQu4kdqInqhLrBXnL+nabFuGTVSHtTg==",
      "optional": true
    },
    "@next/swc-android-arm64": {
      "version": "13.0.1",
      "resolved": "https://registry.npmjs.org/@next/swc-android-arm64/-/swc-android-arm64-13.0.1.tgz",
      "integrity": "sha512-szmO/i6GoHcPXcbhUKhwBMETWHNXH3ITz9wfxwOOFBNKdDU8pjKsHL88lg28aOiQYZSU1sxu1v1p9KY5kJIZCg==",
      "optional": true
    },
    "@next/swc-darwin-arm64": {
      "version": "13.0.1",
      "resolved": "https://registry.npmjs.org/@next/swc-darwin-arm64/-/swc-darwin-arm64-13.0.1.tgz",
      "integrity": "sha512-O1RxCaiDNOjGZmdAp6SQoHUITt9aVDQXoR3lZ/TloI/NKRAyAV4u0KUUofK+KaZeHOmVTnPUaQuCyZSc3i1x5Q==",
      "optional": true
    },
    "@next/swc-darwin-x64": {
      "version": "13.0.1",
      "resolved": "https://registry.npmjs.org/@next/swc-darwin-x64/-/swc-darwin-x64-13.0.1.tgz",
      "integrity": "sha512-8E6BY/VO+QqQkthhoWgB8mJMw1NcN9Vhl2OwEwxv8jy2r3zjeU+WNRxz4y8RLbcY0R1h+vHlXuP0mLnuac84tQ==",
      "optional": true
    },
    "@next/swc-freebsd-x64": {
      "version": "13.0.1",
      "resolved": "https://registry.npmjs.org/@next/swc-freebsd-x64/-/swc-freebsd-x64-13.0.1.tgz",
      "integrity": "sha512-ocwoOxm2KVwF50RyoAT+2RQPLlkyoF7sAqzMUVgj+S6+DTkY3iwH+Zpo0XAk2pnqT9qguOrKnEpq9EIx//+K7Q==",
      "optional": true
    },
    "@next/swc-linux-arm-gnueabihf": {
      "version": "13.0.1",
      "resolved": "https://registry.npmjs.org/@next/swc-linux-arm-gnueabihf/-/swc-linux-arm-gnueabihf-13.0.1.tgz",
      "integrity": "sha512-yO7e3zITfGol/N6lPQnmIRi0WyuILBMXrvH6EdmWzzqMDJFfTCII6l+B6gMO5WVDCTQUGQlQRNZ7sFqWR4I71g==",
      "optional": true
    },
    "@next/swc-linux-arm64-gnu": {
      "version": "13.0.1",
      "resolved": "https://registry.npmjs.org/@next/swc-linux-arm64-gnu/-/swc-linux-arm64-gnu-13.0.1.tgz",
      "integrity": "sha512-OEs6WDPDI8RyM8SjOqTDMqMBfOlU97VnW6ZMXUvzUTyH0K9c7NF+cn7UMu+I4tKFN0uJ9WQs/6TYaFBGkgoVVA==",
      "optional": true
    },
    "@next/swc-linux-arm64-musl": {
      "version": "13.0.1",
      "resolved": "https://registry.npmjs.org/@next/swc-linux-arm64-musl/-/swc-linux-arm64-musl-13.0.1.tgz",
      "integrity": "sha512-y5ypFK0Y3urZSFoQxbtDqvKsBx026sz+Fm+xHlPWlGHNZrbs3Q812iONjcZTo09QwRMk5X86iMWBRxV18xMhaw==",
      "optional": true
    },
    "@next/swc-linux-x64-gnu": {
      "version": "13.0.1",
      "resolved": "https://registry.npmjs.org/@next/swc-linux-x64-gnu/-/swc-linux-x64-gnu-13.0.1.tgz",
      "integrity": "sha512-XDIHEE6SU8VCF+dUVntD6PDv6RK31N0forx9kucZBYirbe8vCZ+Yx8hYgvtIaGrTcWtGxibxmND0pIuHDq8H5g==",
      "optional": true
    },
    "@next/swc-linux-x64-musl": {
      "version": "13.0.1",
      "resolved": "https://registry.npmjs.org/@next/swc-linux-x64-musl/-/swc-linux-x64-musl-13.0.1.tgz",
      "integrity": "sha512-yxIOuuz5EOx0F1FDtsyzaLgnDym0Ysxv8CWeJyDTKKmt9BVyITg6q/cD+RP9bEkT1TQi+PYXIMATSz675Q82xw==",
      "optional": true
    },
    "@next/swc-win32-arm64-msvc": {
      "version": "13.0.1",
      "resolved": "https://registry.npmjs.org/@next/swc-win32-arm64-msvc/-/swc-win32-arm64-msvc-13.0.1.tgz",
      "integrity": "sha512-+ucLe2qgQzP+FM94jD4ns6LDGyMFaX9k3lVHqu/tsQCy2giMymbport4y4p77mYcXEMlDaHMzlHgOQyHRniWFA==",
      "optional": true
    },
    "@next/swc-win32-ia32-msvc": {
      "version": "13.0.1",
      "resolved": "https://registry.npmjs.org/@next/swc-win32-ia32-msvc/-/swc-win32-ia32-msvc-13.0.1.tgz",
      "integrity": "sha512-Krr/qGN7OB35oZuvMAZKoXDt2IapynIWLh5A5rz6AODb7f/ZJqyAuZSK12vOa2zKdobS36Qm4IlxxBqn9c00MA==",
      "optional": true
    },
    "@next/swc-win32-x64-msvc": {
      "version": "13.0.1",
      "resolved": "https://registry.npmjs.org/@next/swc-win32-x64-msvc/-/swc-win32-x64-msvc-13.0.1.tgz",
      "integrity": "sha512-t/0G33t/6VGWZUGCOT7rG42qqvf/x+MrFp1CU+8CN6PrjSSL57R5bqkXfubV9t4eCEnUxVP+5Hn3MoEXEebtEw==",
      "optional": true
    },
    "@plasmicapp/host": {
      "version": "1.0.81",
      "resolved": "https://registry.npmjs.org/@plasmicapp/host/-/host-1.0.81.tgz",
      "integrity": "sha512-Mz3g9XYVXRjcy3M3hSICf9cA+ig6Uf8dbTLbH14bxmPKzLaCo7pVmLYr8iv0xy7ZoePIra2BXjUWEpuu3OkEqg==",
      "requires": {
        "window-or-global": "^1.0.1"
      }
    },
    "@plasmicapp/loader-core": {
      "version": "1.0.83",
      "resolved": "https://registry.npmjs.org/@plasmicapp/loader-core/-/loader-core-1.0.83.tgz",
      "integrity": "sha512-jkBN6ieA90fY/e7aJaWn12wnu8dp8n4W/GS2kXw9uWT0Xq9fbE6wUjysDILuVdmjer3SWUBXQvfmfS2CiRv2yw==",
      "requires": {
        "@plasmicapp/loader-fetcher": "1.0.10"
      }
    },
    "@plasmicapp/loader-edge": {
      "version": "1.0.16",
      "resolved": "https://registry.npmjs.org/@plasmicapp/loader-edge/-/loader-edge-1.0.16.tgz",
      "integrity": "sha512-TCJogYuVtO0NbNO7XPAWHM9aJP+/57kCrgMcRIUvMDeDWKLrEpjL/uDWMegJ687GciO1LVJTl3eQhqY64f93CA==",
      "requires": {
        "@plasmicapp/loader-fetcher": "1.0.10",
        "@plasmicapp/loader-splits": "1.0.15"
      }
    },
    "@plasmicapp/loader-fetcher": {
      "version": "1.0.10",
      "resolved": "https://registry.npmjs.org/@plasmicapp/loader-fetcher/-/loader-fetcher-1.0.10.tgz",
      "integrity": "sha512-HFZXsRNeaZz8ikQuG9kl6+bTCZO2cdJesJZKND8svJ+annH1zIJ6aRLJlI3pRDTJvbbTOIWa56fTGjIVGR1hLA==",
      "requires": {
        "isomorphic-unfetch": "^3.1.0"
      }
    },
    "@plasmicapp/loader-nextjs": {
      "version": "1.0.191",
      "resolved": "https://registry.npmjs.org/@plasmicapp/loader-nextjs/-/loader-nextjs-1.0.191.tgz",
      "integrity": "sha512-jpqH5NcP6GL4SGkKZZ7MdPz1DyuviQqzz/HI09RjMKqkiPgq8VMKIyII+V5R4olj8OouHSGRWrp1mF+eM9wpjw==",
      "requires": {
        "@plasmicapp/loader-core": "1.0.83",
        "@plasmicapp/loader-edge": "1.0.16",
        "@plasmicapp/loader-react": "1.0.184",
        "@plasmicapp/watcher": "1.0.67"
      }
    },
    "@plasmicapp/loader-react": {
      "version": "1.0.184",
      "resolved": "https://registry.npmjs.org/@plasmicapp/loader-react/-/loader-react-1.0.184.tgz",
      "integrity": "sha512-lM4jET9jXGN0k9+LVCU/z1EOUF56eJio2Q4V3MBhGu8n4x40tC2rkKYux3tIthdOlrav8JWjqgHSsh9M/RZ7Dg==",
      "requires": {
        "@plasmicapp/host": "1.0.81",
        "@plasmicapp/loader-core": "1.0.83",
        "@plasmicapp/loader-splits": "1.0.15",
        "@plasmicapp/query": "0.1.55",
        "pascalcase": "^1.0.0",
        "react-is": "^17.0.2",
        "react-ssr-prepass": "^1.4.0"
      }
    },
    "@plasmicapp/loader-splits": {
      "version": "1.0.15",
      "resolved": "https://registry.npmjs.org/@plasmicapp/loader-splits/-/loader-splits-1.0.15.tgz",
      "integrity": "sha512-JO0HGPKZ5aZAkfLszD3bzA/932906nRwfB1MNhmtgxazjn8EUs45OMJF8GAb5fGwvBuwMLEW9ER1yk11XS4TEg==",
      "requires": {
        "@plasmicapp/loader-fetcher": "1.0.10",
        "json-logic-js": "^2.0.2"
      }
    },
    "@plasmicapp/query": {
      "version": "0.1.55",
      "resolved": "https://registry.npmjs.org/@plasmicapp/query/-/query-0.1.55.tgz",
      "integrity": "sha512-a6qVRU6pmkFVCZLN20TOn4qAzN98ylUjeZMGSSt/vDSv7QDNLIqJgpWfgCTUbCXrGKjzwOGu70WLtTD7YRVmaA==",
      "requires": {
        "react-ssr-prepass": "^1.4.0",
        "swr": ">1.0.0"
      }
    },
    "@plasmicapp/watcher": {
      "version": "1.0.67",
      "resolved": "https://registry.npmjs.org/@plasmicapp/watcher/-/watcher-1.0.67.tgz",
      "integrity": "sha512-Rw7tjYZbYwv1zXVHgwwLdZl9Mo2+hsYpv+e5fdDavwyifUq5zCvYmA1YAXjFtBUKDO3UHfueAMqRmt8Bwb12Ow==",
      "requires": {
        "socket.io-client": "^4.1.2"
      }
    },
    "@socket.io/component-emitter": {
      "version": "3.1.0",
      "resolved": "https://registry.npmjs.org/@socket.io/component-emitter/-/component-emitter-3.1.0.tgz",
      "integrity": "sha512-+9jVqKhRSpsc591z5vX+X5Yyw+he/HCB4iQ/RYxw35CEPaY1gnsNE43nf9n9AaYjAQrTiI/mOwKUKdUs9vf7Xg=="
    },
    "@swc/helpers": {
      "version": "0.4.11",
      "resolved": "https://registry.npmjs.org/@swc/helpers/-/helpers-0.4.11.tgz",
      "integrity": "sha512-rEUrBSGIoSFuYxwBYtlUFMlE2CwGhmW+w9355/5oduSw8e5h2+Tj4UrAGNNgP9915++wj5vkQo0UuOBqOAq4nw==",
      "requires": {
        "tslib": "^2.4.0"
      }
    },
    "caniuse-lite": {
      "version": "1.0.30001429",
      "resolved": "https://registry.npmjs.org/caniuse-lite/-/caniuse-lite-1.0.30001429.tgz",
      "integrity": "sha512-511ThLu1hF+5RRRt0zYCf2U2yRr9GPF6m5y90SBCWsvSoYoW7yAGlv/elyPaNfvGCkp6kj/KFZWU0BMA69Prsg=="
    },
    "client-only": {
      "version": "0.0.1",
      "resolved": "https://registry.npmjs.org/client-only/-/client-only-0.0.1.tgz",
      "integrity": "sha512-IV3Ou0jSMzZrd3pZ48nLkT9DA7Ag1pnPzaiQhpW7c3RbcqqzvzzVu+L8gfqMp/8IM2MQtSiqaCxrrcfu8I8rMA=="
    },
    "debug": {
      "version": "4.3.4",
      "resolved": "https://registry.npmjs.org/debug/-/debug-4.3.4.tgz",
      "integrity": "sha512-PRWFHuSU3eDtQJPvnNY7Jcket1j0t5OuOsFzPPzsekD52Zl8qUfFIPEiswXqIvHWGVHOgX+7G/vCNNhehwxfkQ==",
      "requires": {
        "ms": "2.1.2"
      }
    },
    "engine.io-client": {
      "version": "6.2.3",
      "resolved": "https://registry.npmjs.org/engine.io-client/-/engine.io-client-6.2.3.tgz",
      "integrity": "sha512-aXPtgF1JS3RuuKcpSrBtimSjYvrbhKW9froICH4s0F3XQWLxsKNxqzG39nnvQZQnva4CMvUK63T7shevxRyYHw==",
      "requires": {
        "@socket.io/component-emitter": "~3.1.0",
        "debug": "~4.3.1",
        "engine.io-parser": "~5.0.3",
        "ws": "~8.2.3",
        "xmlhttprequest-ssl": "~2.0.0"
      }
    },
    "engine.io-parser": {
      "version": "5.0.4",
      "resolved": "https://registry.npmjs.org/engine.io-parser/-/engine.io-parser-5.0.4.tgz",
      "integrity": "sha512-+nVFp+5z1E3HcToEnO7ZIj3g+3k9389DvWtvJZz0T6/eOCPIyyxehFcedoYrZQrp0LgQbD9pPXhpMBKMd5QURg=="
    },
    "isomorphic-unfetch": {
      "version": "3.1.0",
      "resolved": "https://registry.npmjs.org/isomorphic-unfetch/-/isomorphic-unfetch-3.1.0.tgz",
      "integrity": "sha512-geDJjpoZ8N0kWexiwkX8F9NkTsXhetLPVbZFQ+JTW239QNOwvB0gniuR1Wc6f0AMTn7/mFGyXvHTifrCp/GH8Q==",
      "requires": {
        "node-fetch": "^2.6.1",
        "unfetch": "^4.2.0"
      }
    },
    "js-tokens": {
      "version": "4.0.0",
      "resolved": "https://registry.npmjs.org/js-tokens/-/js-tokens-4.0.0.tgz",
      "integrity": "sha512-RdJUflcE3cUzKiMqQgsCu06FPu9UdIJO0beYbPhHN4k6apgJtifcoCtT9bcxOpYBtpD2kCM6Sbzg4CausW/PKQ=="
    },
    "json-logic-js": {
      "version": "2.0.2",
      "resolved": "https://registry.npmjs.org/json-logic-js/-/json-logic-js-2.0.2.tgz",
      "integrity": "sha512-ZBtBdMJieqQcH7IX/LaBsr5pX+Y5JIW+EhejtM3Ffg2jdN9Iwf+Ht6TbHnvAZ/YtwyuhPaCBlnvzrwVeWdvGDQ=="
    },
    "loose-envify": {
      "version": "1.4.0",
      "resolved": "https://registry.npmjs.org/loose-envify/-/loose-envify-1.4.0.tgz",
      "integrity": "sha512-lyuxPGr/Wfhrlem2CL/UcnUc1zcqKAImBDzukY7Y5F/yQiNdko6+fRLevlw1HgMySw7f611UIY408EtxRSoK3Q==",
      "requires": {
        "js-tokens": "^3.0.0 || ^4.0.0"
      }
    },
    "ms": {
      "version": "2.1.2",
      "resolved": "https://registry.npmjs.org/ms/-/ms-2.1.2.tgz",
      "integrity": "sha512-sGkPx+VjMtmA6MX27oA4FBFELFCZZ4S4XqeGOXCv68tT+jb3vk/RyaKWP0PTKyWtmLSM0b+adUTEvbs1PEaH2w=="
    },
    "nanoid": {
      "version": "3.3.4",
      "resolved": "https://registry.npmjs.org/nanoid/-/nanoid-3.3.4.tgz",
      "integrity": "sha512-MqBkQh/OHTS2egovRtLk45wEyNXwF+cokD+1YPf9u5VfJiRdAiRwB2froX5Co9Rh20xs4siNPm8naNotSD6RBw=="
    },
    "next": {
      "version": "13.0.1",
      "resolved": "https://registry.npmjs.org/next/-/next-13.0.1.tgz",
      "integrity": "sha512-ErCNBPIeZMKFn6hX+ZBSlqZVgJIeitEqhGTuQUNmYXJ07/A71DZ7AJI8eyHYUdBb686LUpV1/oBdTq9RpzRVPg==",
      "requires": {
        "@next/env": "13.0.1",
        "@next/swc-android-arm-eabi": "13.0.1",
        "@next/swc-android-arm64": "13.0.1",
        "@next/swc-darwin-arm64": "13.0.1",
        "@next/swc-darwin-x64": "13.0.1",
        "@next/swc-freebsd-x64": "13.0.1",
        "@next/swc-linux-arm-gnueabihf": "13.0.1",
        "@next/swc-linux-arm64-gnu": "13.0.1",
        "@next/swc-linux-arm64-musl": "13.0.1",
        "@next/swc-linux-x64-gnu": "13.0.1",
        "@next/swc-linux-x64-musl": "13.0.1",
        "@next/swc-win32-arm64-msvc": "13.0.1",
        "@next/swc-win32-ia32-msvc": "13.0.1",
        "@next/swc-win32-x64-msvc": "13.0.1",
        "@swc/helpers": "0.4.11",
        "caniuse-lite": "^1.0.30001406",
        "postcss": "8.4.14",
        "styled-jsx": "5.1.0",
        "use-sync-external-store": "1.2.0"
      }
    },
    "node-fetch": {
      "version": "2.6.7",
      "resolved": "https://registry.npmjs.org/node-fetch/-/node-fetch-2.6.7.tgz",
      "integrity": "sha512-ZjMPFEfVx5j+y2yF35Kzx5sF7kDzxuDj6ziH4FFbOp87zKDZNx8yExJIb05OGF4Nlt9IHFIMBkRl41VdvcNdbQ==",
      "requires": {
        "whatwg-url": "^5.0.0"
      }
    },
    "pascalcase": {
      "version": "1.0.0",
      "resolved": "https://registry.npmjs.org/pascalcase/-/pascalcase-1.0.0.tgz",
      "integrity": "sha512-BSExi0rRnCHReJys6NocaK+cfTXNinAegfWBvr0JD3hiaEG7Nuc7r0CIdOJunXrs8gU/sbHQ9dxVAtiVQisjmg=="
    },
    "picocolors": {
      "version": "1.0.0",
      "resolved": "https://registry.npmjs.org/picocolors/-/picocolors-1.0.0.tgz",
      "integrity": "sha512-1fygroTLlHu66zi26VoTDv8yRgm0Fccecssto+MhsZ0D/DGW2sm8E8AjW7NU5VVTRt5GxbeZ5qBuJr+HyLYkjQ=="
    },
    "postcss": {
      "version": "8.4.14",
      "resolved": "https://registry.npmjs.org/postcss/-/postcss-8.4.14.tgz",
      "integrity": "sha512-E398TUmfAYFPBSdzgeieK2Y1+1cpdxJx8yXbK/m57nRhKSmk1GB2tO4lbLBtlkfPQTDKfe4Xqv1ASWPpayPEig==",
      "requires": {
        "nanoid": "^3.3.4",
        "picocolors": "^1.0.0",
        "source-map-js": "^1.0.2"
      }
    },
    "react": {
      "version": "18.2.0",
      "resolved": "https://registry.npmjs.org/react/-/react-18.2.0.tgz",
      "integrity": "sha512-/3IjMdb2L9QbBdWiW5e3P2/npwMBaU9mHCSCUzNln0ZCYbcfTsGbTJrU/kGemdH2IWmB2ioZ+zkxtmq6g09fGQ==",
      "requires": {
        "loose-envify": "^1.1.0"
      }
    },
    "react-dom": {
      "version": "18.2.0",
      "resolved": "https://registry.npmjs.org/react-dom/-/react-dom-18.2.0.tgz",
      "integrity": "sha512-6IMTriUmvsjHUjNtEDudZfuDQUoWXVxKHhlEGSk81n4YFS+r/Kl99wXiwlVXtPBtJenozv2P+hxDsw9eA7Xo6g==",
      "requires": {
        "loose-envify": "^1.1.0",
        "scheduler": "^0.23.0"
      }
    },
    "react-is": {
      "version": "17.0.2",
      "resolved": "https://registry.npmjs.org/react-is/-/react-is-17.0.2.tgz",
      "integrity": "sha512-w2GsyukL62IJnlaff/nRegPQR94C/XXamvMWmSHRJ4y7Ts/4ocGRmTHvOs8PSE6pB3dWOrD/nueuU5sduBsQ4w=="
    },
    "react-ssr-prepass": {
      "version": "1.5.0",
      "resolved": "https://registry.npmjs.org/react-ssr-prepass/-/react-ssr-prepass-1.5.0.tgz",
      "integrity": "sha512-yFNHrlVEReVYKsLI5lF05tZoHveA5pGzjFbFJY/3pOqqjGOmMmqx83N4hIjN2n6E1AOa+eQEUxs3CgRnPmT0RQ==",
      "requires": {}
    },
    "scheduler": {
      "version": "0.23.0",
      "resolved": "https://registry.npmjs.org/scheduler/-/scheduler-0.23.0.tgz",
      "integrity": "sha512-CtuThmgHNg7zIZWAXi3AsyIzA3n4xx7aNyjwC2VJldO2LMVDhFK+63xGqq6CsJH4rTAt6/M+N4GhZiDYPx9eUw==",
      "requires": {
        "loose-envify": "^1.1.0"
      }
    },
    "socket.io-client": {
      "version": "4.5.3",
      "resolved": "https://registry.npmjs.org/socket.io-client/-/socket.io-client-4.5.3.tgz",
      "integrity": "sha512-I/hqDYpQ6JKwtJOf5ikM+Qz+YujZPMEl6qBLhxiP0nX+TfXKhW4KZZG8lamrD6Y5ngjmYHreESVasVCgi5Kl3A==",
      "requires": {
        "@socket.io/component-emitter": "~3.1.0",
        "debug": "~4.3.2",
        "engine.io-client": "~6.2.3",
        "socket.io-parser": "~4.2.0"
      }
    },
    "socket.io-parser": {
      "version": "4.2.1",
      "resolved": "https://registry.npmjs.org/socket.io-parser/-/socket.io-parser-4.2.1.tgz",
      "integrity": "sha512-V4GrkLy+HeF1F/en3SpUaM+7XxYXpuMUWLGde1kSSh5nQMN4hLrbPIkD+otwh6q9R6NOQBN4AMaOZ2zVjui82g==",
      "requires": {
        "@socket.io/component-emitter": "~3.1.0",
        "debug": "~4.3.1"
      }
    },
    "source-map-js": {
      "version": "1.0.2",
      "resolved": "https://registry.npmjs.org/source-map-js/-/source-map-js-1.0.2.tgz",
      "integrity": "sha512-R0XvVJ9WusLiqTCEiGCmICCMplcCkIwwR11mOSD9CR5u+IXYdiseeEuXCVAjS54zqwkLcPNnmU4OeJ6tUrWhDw=="
    },
    "styled-jsx": {
      "version": "5.1.0",
      "resolved": "https://registry.npmjs.org/styled-jsx/-/styled-jsx-5.1.0.tgz",
      "integrity": "sha512-/iHaRJt9U7T+5tp6TRelLnqBqiaIT0HsO0+vgyj8hK2KUk7aejFqRrumqPUlAqDwAj8IbS/1hk3IhBAAK/FCUQ==",
      "requires": {
        "client-only": "0.0.1"
      }
    },
    "swr": {
      "version": "1.3.0",
      "resolved": "https://registry.npmjs.org/swr/-/swr-1.3.0.tgz",
      "integrity": "sha512-dkghQrOl2ORX9HYrMDtPa7LTVHJjCTeZoB1dqTbnnEDlSvN8JEKpYIYurDfvbQFUUS8Cg8PceFVZNkW0KNNYPw==",
      "requires": {}
    },
    "tr46": {
      "version": "0.0.3",
      "resolved": "https://registry.npmjs.org/tr46/-/tr46-0.0.3.tgz",
      "integrity": "sha512-N3WMsuqV66lT30CrXNbEjx4GEwlow3v6rr4mCcv6prnfwhS01rkgyFdjPNBYd9br7LpXV1+Emh01fHnq2Gdgrw=="
    },
    "tslib": {
      "version": "2.4.1",
      "resolved": "https://registry.npmjs.org/tslib/-/tslib-2.4.1.tgz",
      "integrity": "sha512-tGyy4dAjRIEwI7BzsB0lynWgOpfqjUdq91XXAlIWD2OwKBH7oCl/GZG/HT4BOHrTlPMOASlMQ7veyTqpmRcrNA=="
    },
    "unfetch": {
      "version": "4.2.0",
      "resolved": "https://registry.npmjs.org/unfetch/-/unfetch-4.2.0.tgz",
      "integrity": "sha512-F9p7yYCn6cIW9El1zi0HI6vqpeIvBsr3dSuRO6Xuppb1u5rXpCPmMvLSyECLhybr9isec8Ohl0hPekMVrEinDA=="
    },
    "use-sync-external-store": {
      "version": "1.2.0",
      "resolved": "https://registry.npmjs.org/use-sync-external-store/-/use-sync-external-store-1.2.0.tgz",
      "integrity": "sha512-eEgnFxGQ1Ife9bzYs6VLi8/4X6CObHMw9Qr9tPY43iKwsPw8xE8+EFsf/2cFZ5S3esXgpWgtSCtLNS41F+sKPA==",
      "requires": {}
    },
    "webidl-conversions": {
      "version": "3.0.1",
      "resolved": "https://registry.npmjs.org/webidl-conversions/-/webidl-conversions-3.0.1.tgz",
      "integrity": "sha512-2JAn3z8AR6rjK8Sm8orRC0h/bcl/DqL7tRPdGZ4I1CjdF+EaMLmYxBHyXuKL849eucPFhvBoxMsflfOb8kxaeQ=="
    },
    "whatwg-url": {
      "version": "5.0.0",
      "resolved": "https://registry.npmjs.org/whatwg-url/-/whatwg-url-5.0.0.tgz",
      "integrity": "sha512-saE57nupxk6v3HY35+jzBwYa0rKSy0XR8JSxZPwgLr7ys0IBzhGviA1/TUGJLmSVqs8pb9AnvICXEuOHLprYTw==",
      "requires": {
        "tr46": "~0.0.3",
        "webidl-conversions": "^3.0.0"
      }
    },
    "window-or-global": {
      "version": "1.0.1",
      "resolved": "https://registry.npmjs.org/window-or-global/-/window-or-global-1.0.1.tgz",
      "integrity": "sha512-tE12J/NenOv4xdVobD+AD3fT06T4KNqnzRhkv5nBIu7K+pvOH2oLCEgYP+i+5mF2jtI6FEADheOdZkA8YWET9w=="
    },
    "ws": {
      "version": "8.2.3",
      "resolved": "https://registry.npmjs.org/ws/-/ws-8.2.3.tgz",
      "integrity": "sha512-wBuoj1BDpC6ZQ1B7DWQBYVLphPWkm8i9Y0/3YdHjHKHiohOJ1ws+3OccDWtH+PoC9DZD5WOTrJvNbWvjS6JWaA==",
      "requires": {}
    },
    "xmlhttprequest-ssl": {
      "version": "2.0.0",
      "resolved": "https://registry.npmjs.org/xmlhttprequest-ssl/-/xmlhttprequest-ssl-2.0.0.tgz",
      "integrity": "sha512-QKxVRxiRACQcVuQEYFsI1hhkrMlrXHPegbbd1yn9UHOmRxY+si12nQYzri3vbzt8VdTTRviqcKxcyllFas5z2A=="
    }
  }
}
